
Microsoft Visual Studio Solution File, Format Version 12.00
# Visual Studio Version 17
VisualStudioVersion = 17.8.34322.80
MinimumVisualStudioVersion = 10.0.40219.1
Project("{FAE04EC0-301F-11D3-BF4B-00C04F79EFBC}") = "MAHNOOR ASIM1", "MAHNOOR ASIM1\MAHNOOR ASIM1.csproj", "{A93E25E9-8907-491D-9489-1E7D0D511E06}"
EndProject
Global
	GlobalSection(SolutionConfigurationPlatforms) = preSolution
		Debug|Any CPU = Debug|Any CPU
		Release|Any CPU = Release|Any CPU
	EndGlobalSection
	GlobalSection(ProjectConfigurationPlatforms) = postSolution
		{A93E25E9-8907-491D-9489-1E7D0D511E06}.Debug|Any CPU.ActiveCfg = Debug|Any CPU
		{A93E25E9-8907-491D-9489-1E7D0D511E06}.Debug|Any CPU.Build.0 = Debug|Any CPU
		{A93E25E9-8907-491D-9489-1E7D0D511E06}.Release|Any CPU.ActiveCfg = Release|Any CPU
		{A93E25E9-8907-491D-9489-1E7D0D511E06}.Release|Any CPU.Build.0 = Release|Any CPU
	EndGlobalSection
	GlobalSection(SolutionProperties) = preSolution
		HideSolutionNode = FALSE
	EndGlobalSection
	GlobalSection(ExtensibilityGlobals) = postSolution
		SolutionGuid = {6C998D04-5878-4329-AD57-FDECBF9EBB50}
	EndGlobalSection
EndGlobal
